
Microsoft Visual Studio Solution File, Format Version 12.00
Project("{2150E333-8FDC-42A3-9474-1A3956D46DE8}") = "Core", "Core", "{C50C0114-2478-4F7C-B410-98DA4FE453E2}"
EndProject
Project("{2150E333-8FDC-42A3-9474-1A3956D46DE8}") = "Infrastructure", "Infrastructure", "{8EAF81F6-AE40-4236-AAE3-AF28B4F58F8C}"
EndProject
Project("{2150E333-8FDC-42A3-9474-1A3956D46DE8}") = "Presentation", "Presentation", "{BC875062-D4E6-4DC4-A4A1-BB6AA9822D6C}"
EndProject
Project("{FAE04EC0-301F-11D3-BF4B-00C04F79EFBC}") = "CofNTea.Domain", "CofNTea.Domain\CofNTea.Domain.csproj", "{12057BFF-E374-401E-A2D0-410CAC8D368A}"
EndProject
Project("{FAE04EC0-301F-11D3-BF4B-00C04F79EFBC}") = "CofNTea.Application", "CofNTea.Application\CofNTea.Application.csproj", "{56EBF383-D3D3-4F37-B7F7-C2E39A395B65}"
EndProject
Project("{FAE04EC0-301F-11D3-BF4B-00C04F79EFBC}") = "CofNTea.Infrastructure", "CofNTea.Infrastructure\CofNTea.Infrastructure.csproj", "{846AAFF6-E677-4A7C-B4E0-0B1D1797928B}"
EndProject
Project("{FAE04EC0-301F-11D3-BF4B-00C04F79EFBC}") = "CofNTea.Persistence", "CofNTea.Persistence\CofNTea.Persistence.csproj", "{FAD74B25-05A5-4250-900E-71889C7519C6}"
EndProject
Project("{FAE04EC0-301F-11D3-BF4B-00C04F79EFBC}") = "CofNTea.WebAPI", "CofNTea.WebAPI\CofNTea.WebAPI.csproj", "{A7198D6B-D673-4E18-A9A3-0CB407D5974F}"
EndProject
Global
	GlobalSection(SolutionConfigurationPlatforms) = preSolution
		Debug|Any CPU = Debug|Any CPU
		Release|Any CPU = Release|Any CPU
	EndGlobalSection
	GlobalSection(NestedProjects) = preSolution
		{12057BFF-E374-401E-A2D0-410CAC8D368A} = {C50C0114-2478-4F7C-B410-98DA4FE453E2}
		{56EBF383-D3D3-4F37-B7F7-C2E39A395B65} = {C50C0114-2478-4F7C-B410-98DA4FE453E2}
		{846AAFF6-E677-4A7C-B4E0-0B1D1797928B} = {8EAF81F6-AE40-4236-AAE3-AF28B4F58F8C}
		{FAD74B25-05A5-4250-900E-71889C7519C6} = {8EAF81F6-AE40-4236-AAE3-AF28B4F58F8C}
		{A7198D6B-D673-4E18-A9A3-0CB407D5974F} = {BC875062-D4E6-4DC4-A4A1-BB6AA9822D6C}
	EndGlobalSection
	GlobalSection(ProjectConfigurationPlatforms) = postSolution
		{12057BFF-E374-401E-A2D0-410CAC8D368A}.Debug|Any CPU.ActiveCfg = Debug|Any CPU
		{12057BFF-E374-401E-A2D0-410CAC8D368A}.Debug|Any CPU.Build.0 = Debug|Any CPU
		{12057BFF-E374-401E-A2D0-410CAC8D368A}.Release|Any CPU.ActiveCfg = Release|Any CPU
		{12057BFF-E374-401E-A2D0-410CAC8D368A}.Release|Any CPU.Build.0 = Release|Any CPU
		{56EBF383-D3D3-4F37-B7F7-C2E39A395B65}.Debug|Any CPU.ActiveCfg = Debug|Any CPU
		{56EBF383-D3D3-4F37-B7F7-C2E39A395B65}.Debug|Any CPU.Build.0 = Debug|Any CPU
		{56EBF383-D3D3-4F37-B7F7-C2E39A395B65}.Release|Any CPU.ActiveCfg = Release|Any CPU
		{56EBF383-D3D3-4F37-B7F7-C2E39A395B65}.Release|Any CPU.Build.0 = Release|Any CPU
		{846AAFF6-E677-4A7C-B4E0-0B1D1797928B}.Debug|Any CPU.ActiveCfg = Debug|Any CPU
		{846AAFF6-E677-4A7C-B4E0-0B1D1797928B}.Debug|Any CPU.Build.0 = Debug|Any CPU
		{846AAFF6-E677-4A7C-B4E0-0B1D1797928B}.Release|Any CPU.ActiveCfg = Release|Any CPU
		{846AAFF6-E677-4A7C-B4E0-0B1D1797928B}.Release|Any CPU.Build.0 = Release|Any CPU
		{FAD74B25-05A5-4250-900E-71889C7519C6}.Debug|Any CPU.ActiveCfg = Debug|Any CPU
		{FAD74B25-05A5-4250-900E-71889C7519C6}.Debug|Any CPU.Build.0 = Debug|Any CPU
		{FAD74B25-05A5-4250-900E-71889C7519C6}.Release|Any CPU.ActiveCfg = Release|Any CPU
		{FAD74B25-05A5-4250-900E-71889C7519C6}.Release|Any CPU.Build.0 = Release|Any CPU
		{A7198D6B-D673-4E18-A9A3-0CB407D5974F}.Debug|Any CPU.ActiveCfg = Debug|Any CPU
		{A7198D6B-D673-4E18-A9A3-0CB407D5974F}.Debug|Any CPU.Build.0 = Debug|Any CPU
		{A7198D6B-D673-4E18-A9A3-0CB407D5974F}.Release|Any CPU.ActiveCfg = Release|Any CPU
		{A7198D6B-D673-4E18-A9A3-0CB407D5974F}.Release|Any CPU.Build.0 = Release|Any CPU
	EndGlobalSection
EndGlobal
